name: Update flake.lock
on:
  workflow_dispatch:
  schedule:
    - cron: '0 0 1 * *'

jobs:
  lockfile:
    runs-on: ubuntu-latest
    steps:
      - name: Checkout repository
        uses: actions/checkout@v4
      - uses: cachix/install-nix-action@v30
        with:
          github_access_token: ${{ github.token }}
      - uses: DeterminateSystems/update-flake-lock@main
        with:
          pr-labels: dependencies
